// !$*UTF8*$!
{
	archiveVersion = 1;
	classes = {
	};
	objectVersion = 55;
	objects = {

/* Begin PBXBuildFile section */
		C41C7224289AFBAA00E4D1CE /* AppDelegate.swift in Sources */ = {isa = PBXBuildFile; fileRef = C41C7223289AFBAA00E4D1CE /* AppDelegate.swift */; };
		C41C722D289AFBAA00E4D1CE /* Assets.xcassets in Resources */ = {isa = PBXBuildFile; fileRef = C41C722C289AFBAA00E4D1CE /* Assets.xcassets */; };
		C41C7230289AFBAA00E4D1CE /* LaunchScreen.storyboard in Resources */ = {isa = PBXBuildFile; fileRef = C41C722E289AFBAA00E4D1CE /* LaunchScreen.storyboard */; };
		C41C7243289AFFB500E4D1CE /* NetworkRouter.swift in Sources */ = {isa = PBXBuildFile; fileRef = C41C7242289AFFB500E4D1CE /* NetworkRouter.swift */; };
		C41C7245289AFFD800E4D1CE /* NetworkError.swift in Sources */ = {isa = PBXBuildFile; fileRef = C41C7244289AFFD800E4D1CE /* NetworkError.swift */; };
		C41C7247289B002800E4D1CE /* NetworkService.swift in Sources */ = {isa = PBXBuildFile; fileRef = C41C7246289B002800E4D1CE /* NetworkService.swift */; };
		C41C724D289B040400E4D1CE /* FootballRouter.swift in Sources */ = {isa = PBXBuildFile; fileRef = C41C724C289B040400E4D1CE /* FootballRouter.swift */; };
		C41C724F289B042600E4D1CE /* FootballService.swift in Sources */ = {isa = PBXBuildFile; fileRef = C41C724E289B042600E4D1CE /* FootballService.swift */; };
		C41C7252289B05CA00E4D1CE /* LeaguesResponse.swift in Sources */ = {isa = PBXBuildFile; fileRef = C41C7251289B05CA00E4D1CE /* LeaguesResponse.swift */; };
		C41C7254289B07AB00E4D1CE /* LeaguesViewController.swift in Sources */ = {isa = PBXBuildFile; fileRef = C41C7253289B07AB00E4D1CE /* LeaguesViewController.swift */; };
		C41C7256289B099500E4D1CE /* LeaguesPresenter.swift in Sources */ = {isa = PBXBuildFile; fileRef = C41C7255289B099500E4D1CE /* LeaguesPresenter.swift */; };
		C41C7258289B0C4800E4D1CE /* LeagueModel.swift in Sources */ = {isa = PBXBuildFile; fileRef = C41C7257289B0C4800E4D1CE /* LeagueModel.swift */; };
		C41C725B289B0D0500E4D1CE /* LeagueCell.swift in Sources */ = {isa = PBXBuildFile; fileRef = C41C725A289B0D0500E4D1CE /* LeagueCell.swift */; };
		C41C725E289B114500E4D1CE /* UITableView+Ext.swift in Sources */ = {isa = PBXBuildFile; fileRef = C41C725D289B114500E4D1CE /* UITableView+Ext.swift */; };
		C41C7263289B685200E4D1CE /* UIImageView+Ext.swift in Sources */ = {isa = PBXBuildFile; fileRef = C41C7262289B685200E4D1CE /* UIImageView+Ext.swift */; };
		C41C7266289B697700E4D1CE /* MainFactory.swift in Sources */ = {isa = PBXBuildFile; fileRef = C41C7265289B697700E4D1CE /* MainFactory.swift */; };
		C41C7268289B6E7300E4D1CE /* UIViewController+Ext.swift in Sources */ = {isa = PBXBuildFile; fileRef = C41C7267289B6E7300E4D1CE /* UIViewController+Ext.swift */; };
		C41C726C289B742F00E4D1CE /* SeasonsViewController.swift in Sources */ = {isa = PBXBuildFile; fileRef = C41C726B289B742F00E4D1CE /* SeasonsViewController.swift */; };
		C41C726F289B92BA00E4D1CE /* SeasonsPresenter.swift in Sources */ = {isa = PBXBuildFile; fileRef = C41C726E289B92BA00E4D1CE /* SeasonsPresenter.swift */; };
		C41C7272289B92EE00E4D1CE /* SeasonModel.swift in Sources */ = {isa = PBXBuildFile; fileRef = C41C7271289B92EE00E4D1CE /* SeasonModel.swift */; };
		C41C7274289B93BD00E4D1CE /* SeasonsResponse.swift in Sources */ = {isa = PBXBuildFile; fileRef = C41C7273289B93BD00E4D1CE /* SeasonsResponse.swift */; };
		C41C7277289B96B300E4D1CE /* SeasonCell.swift in Sources */ = {isa = PBXBuildFile; fileRef = C41C7276289B96B300E4D1CE /* SeasonCell.swift */; };
		C41C727F289BD9C500E4D1CE /* LeagueStandingViewController.swift in Sources */ = {isa = PBXBuildFile; fileRef = C41C727E289BD9C500E4D1CE /* LeagueStandingViewController.swift */; };
		C4E6391F289BDC95008F8334 /* LeagueStandingResponse.swift in Sources */ = {isa = PBXBuildFile; fileRef = C4E6391E289BDC95008F8334 /* LeagueStandingResponse.swift */; };
		C4E63921289BDD55008F8334 /* LeagueStandingPresenter.swift in Sources */ = {isa = PBXBuildFile; fileRef = C4E63920289BDD55008F8334 /* LeagueStandingPresenter.swift */; };
		C4E63923289BF052008F8334 /* LeagueStandingModel.swift in Sources */ = {isa = PBXBuildFile; fileRef = C4E63922289BF052008F8334 /* LeagueStandingModel.swift */; };
		C4E63926289BF109008F8334 /* LeagueStandingCell.swift in Sources */ = {isa = PBXBuildFile; fileRef = C4E63925289BF109008F8334 /* LeagueStandingCell.swift */; };
		C4E63929289C08EF008F8334 /* StatView.swift in Sources */ = {isa = PBXBuildFile; fileRef = C4E63928289C08EF008F8334 /* StatView.swift */; };
		C4E6392C289C19E2008F8334 /* ModalMenuView.swift in Sources */ = {isa = PBXBuildFile; fileRef = C4E6392B289C19E2008F8334 /* ModalMenuView.swift */; };
/* End PBXBuildFile section */

/* Begin PBXFileReference section */
		C41C7220289AFBAA00E4D1CE /* InstatFootballTest.app */ = {isa = PBXFileReference; explicitFileType = wrapper.application; includeInIndex = 0; path = InstatFootballTest.app; sourceTree = BUILT_PRODUCTS_DIR; };
		C41C7223289AFBAA00E4D1CE /* AppDelegate.swift */ = {isa = PBXFileReference; lastKnownFileType = sourcecode.swift; path = AppDelegate.swift; sourceTree = "<group>"; };
		C41C722C289AFBAA00E4D1CE /* Assets.xcassets */ = {isa = PBXFileReference; lastKnownFileType = folder.assetcatalog; path = Assets.xcassets; sourceTree = "<group>"; };
		C41C722F289AFBAA00E4D1CE /* Base */ = {isa = PBXFileReference; lastKnownFileType = file.storyboard; name = Base; path = Base.lproj/LaunchScreen.storyboard; sourceTree = "<group>"; };
		C41C7231289AFBAA00E4D1CE /* Info.plist */ = {isa = PBXFileReference; lastKnownFileType = text.plist.xml; path = Info.plist; sourceTree = "<group>"; };
		C41C7242289AFFB500E4D1CE /* NetworkRouter.swift */ = {isa = PBXFileReference; lastKnownFileType = sourcecode.swift; path = NetworkRouter.swift; sourceTree = "<group>"; };
		C41C7244289AFFD800E4D1CE /* NetworkError.swift */ = {isa = PBXFileReference; lastKnownFileType = sourcecode.swift; path = NetworkError.swift; sourceTree = "<group>"; };
		C41C7246289B002800E4D1CE /* NetworkService.swift */ = {isa = PBXFileReference; lastKnownFileType = sourcecode.swift; path = NetworkService.swift; sourceTree = "<group>"; };
		C41C724C289B040400E4D1CE /* FootballRouter.swift */ = {isa = PBXFileReference; lastKnownFileType = sourcecode.swift; path = FootballRouter.swift; sourceTree = "<group>"; };
		C41C724E289B042600E4D1CE /* FootballService.swift */ = {isa = PBXFileReference; lastKnownFileType = sourcecode.swift; path = FootballService.swift; sourceTree = "<group>"; };
		C41C7251289B05CA00E4D1CE /* LeaguesResponse.swift */ = {isa = PBXFileReference; lastKnownFileType = sourcecode.swift; path = LeaguesResponse.swift; sourceTree = "<group>"; };
		C41C7253289B07AB00E4D1CE /* LeaguesViewController.swift */ = {isa = PBXFileReference; lastKnownFileType = sourcecode.swift; path = LeaguesViewController.swift; sourceTree = "<group>"; };
		C41C7255289B099500E4D1CE /* LeaguesPresenter.swift */ = {isa = PBXFileReference; lastKnownFileType = sourcecode.swift; path = LeaguesPresenter.swift; sourceTree = "<group>"; };
		C41C7257289B0C4800E4D1CE /* LeagueModel.swift */ = {isa = PBXFileReference; lastKnownFileType = sourcecode.swift; path = LeagueModel.swift; sourceTree = "<group>"; };
		C41C725A289B0D0500E4D1CE /* LeagueCell.swift */ = {isa = PBXFileReference; lastKnownFileType = sourcecode.swift; path = LeagueCell.swift; sourceTree = "<group>"; };
		C41C725D289B114500E4D1CE /* UITableView+Ext.swift */ = {isa = PBXFileReference; lastKnownFileType = sourcecode.swift; path = "UITableView+Ext.swift"; sourceTree = "<group>"; };
		C41C7262289B685200E4D1CE /* UIImageView+Ext.swift */ = {isa = PBXFileReference; lastKnownFileType = sourcecode.swift; path = "UIImageView+Ext.swift"; sourceTree = "<group>"; };
		C41C7265289B697700E4D1CE /* MainFactory.swift */ = {isa = PBXFileReference; lastKnownFileType = sourcecode.swift; path = MainFactory.swift; sourceTree = "<group>"; };
		C41C7267289B6E7300E4D1CE /* UIViewController+Ext.swift */ = {isa = PBXFileReference; lastKnownFileType = sourcecode.swift; path = "UIViewController+Ext.swift"; sourceTree = "<group>"; };
		C41C726B289B742F00E4D1CE /* SeasonsViewController.swift */ = {isa = PBXFileReference; lastKnownFileType = sourcecode.swift; path = SeasonsViewController.swift; sourceTree = "<group>"; };
		C41C726E289B92BA00E4D1CE /* SeasonsPresenter.swift */ = {isa = PBXFileReference; lastKnownFileType = sourcecode.swift; path = SeasonsPresenter.swift; sourceTree = "<group>"; };
		C41C7271289B92EE00E4D1CE /* SeasonModel.swift */ = {isa = PBXFileReference; lastKnownFileType = sourcecode.swift; path = SeasonModel.swift; sourceTree = "<group>"; };
		C41C7273289B93BD00E4D1CE /* SeasonsResponse.swift */ = {isa = PBXFileReference; lastKnownFileType = sourcecode.swift; path = SeasonsResponse.swift; sourceTree = "<group>"; };
		C41C7276289B96B300E4D1CE /* SeasonCell.swift */ = {isa = PBXFileReference; lastKnownFileType = sourcecode.swift; path = SeasonCell.swift; sourceTree = "<group>"; };
		C41C727E289BD9C500E4D1CE /* LeagueStandingViewController.swift */ = {isa = PBXFileReference; lastKnownFileType = sourcecode.swift; path = LeagueStandingViewController.swift; sourceTree = "<group>"; };
		C4E6391E289BDC95008F8334 /* LeagueStandingResponse.swift */ = {isa = PBXFileReference; lastKnownFileType = sourcecode.swift; path = LeagueStandingResponse.swift; sourceTree = "<group>"; };
		C4E63920289BDD55008F8334 /* LeagueStandingPresenter.swift */ = {isa = PBXFileReference; lastKnownFileType = sourcecode.swift; path = LeagueStandingPresenter.swift; sourceTree = "<group>"; };
		C4E63922289BF052008F8334 /* LeagueStandingModel.swift */ = {isa = PBXFileReference; lastKnownFileType = sourcecode.swift; path = LeagueStandingModel.swift; sourceTree = "<group>"; };
		C4E63925289BF109008F8334 /* LeagueStandingCell.swift */ = {isa = PBXFileReference; lastKnownFileType = sourcecode.swift; path = LeagueStandingCell.swift; sourceTree = "<group>"; };
		C4E63928289C08EF008F8334 /* StatView.swift */ = {isa = PBXFileReference; lastKnownFileType = sourcecode.swift; path = StatView.swift; sourceTree = "<group>"; };
		C4E6392B289C19E2008F8334 /* ModalMenuView.swift */ = {isa = PBXFileReference; lastKnownFileType = sourcecode.swift; path = ModalMenuView.swift; sourceTree = "<group>"; };
/* End PBXFileReference section */

/* Begin PBXFrameworksBuildPhase section */
		C41C721D289AFBAA00E4D1CE /* Frameworks */ = {
			isa = PBXFrameworksBuildPhase;
			buildActionMask = 2147483647;
			files = (
			);
			runOnlyForDeploymentPostprocessing = 0;
		};
/* End PBXFrameworksBuildPhase section */

/* Begin PBXGroup section */
		C41C7217289AFBAA00E4D1CE = {
			isa = PBXGroup;
			children = (
				C41C7222289AFBAA00E4D1CE /* InstatFootballTest */,
				C41C7221289AFBAA00E4D1CE /* Products */,
			);
			sourceTree = "<group>";
		};
		C41C7221289AFBAA00E4D1CE /* Products */ = {
			isa = PBXGroup;
			children = (
				C41C7220289AFBAA00E4D1CE /* InstatFootballTest.app */,
			);
			name = Products;
			sourceTree = "<group>";
		};
		C41C7222289AFBAA00E4D1CE /* InstatFootballTest */ = {
			isa = PBXGroup;
			children = (
				C41C723C289AFEBB00E4D1CE /* Application */,
				C41C723D289AFECD00E4D1CE /* Resources */,
				C41C723E289AFF1800E4D1CE /* Services */,
				C41C7237289AFE4500E4D1CE /* Screens */,
				C41C725C289B112D00E4D1CE /* Extensions */,
			);
			path = InstatFootballTest;
			sourceTree = "<group>";
		};
		C41C7237289AFE4500E4D1CE /* Screens */ = {
			isa = PBXGroup;
			children = (
				C41C7264289B696500E4D1CE /* Factory */,
				C41C7238289AFE4C00E4D1CE /* Leagues */,
				C41C7269289B740C00E4D1CE /* Seasons */,
				C41C727A289BB36600E4D1CE /* LeagueStanding */,
			);
			path = Screens;
			sourceTree = "<group>";
		};
		C41C7238289AFE4C00E4D1CE /* Leagues */ = {
			isa = PBXGroup;
			children = (
				C41C7239289AFE9800E4D1CE /* Model */,
				C41C723B289AFEA600E4D1CE /* Presenter */,
				C41C723A289AFEA100E4D1CE /* View */,
			);
			path = Leagues;
			sourceTree = "<group>";
		};
		C41C7239289AFE9800E4D1CE /* Model */ = {
			isa = PBXGroup;
			children = (
				C41C7257289B0C4800E4D1CE /* LeagueModel.swift */,
			);
			path = Model;
			sourceTree = "<group>";
		};
		C41C723A289AFEA100E4D1CE /* View */ = {
			isa = PBXGroup;
			children = (
				C41C7253289B07AB00E4D1CE /* LeaguesViewController.swift */,
				C41C7259289B0CFB00E4D1CE /* Cell */,
			);
			path = View;
			sourceTree = "<group>";
		};
		C41C723B289AFEA600E4D1CE /* Presenter */ = {
			isa = PBXGroup;
			children = (
				C41C7255289B099500E4D1CE /* LeaguesPresenter.swift */,
			);
			path = Presenter;
			sourceTree = "<group>";
		};
		C41C723C289AFEBB00E4D1CE /* Application */ = {
			isa = PBXGroup;
			children = (
				C41C7223289AFBAA00E4D1CE /* AppDelegate.swift */,
				C41C7231289AFBAA00E4D1CE /* Info.plist */,
			);
			path = Application;
			sourceTree = "<group>";
		};
		C41C723D289AFECD00E4D1CE /* Resources */ = {
			isa = PBXGroup;
			children = (
				C41C722E289AFBAA00E4D1CE /* LaunchScreen.storyboard */,
				C41C722C289AFBAA00E4D1CE /* Assets.xcassets */,
			);
			path = Resources;
			sourceTree = "<group>";
		};
		C41C723E289AFF1800E4D1CE /* Services */ = {
			isa = PBXGroup;
			children = (
				C41C724B289B03EA00E4D1CE /* FootballService */,
				C41C723F289AFF2500E4D1CE /* NetworkService */,
			);
			path = Services;
			sourceTree = "<group>";
		};
		C41C723F289AFF2500E4D1CE /* NetworkService */ = {
			isa = PBXGroup;
			children = (
				C41C7242289AFFB500E4D1CE /* NetworkRouter.swift */,
				C41C7244289AFFD800E4D1CE /* NetworkError.swift */,
				C41C7246289B002800E4D1CE /* NetworkService.swift */,
			);
			path = NetworkService;
			sourceTree = "<group>";
		};
		C41C724B289B03EA00E4D1CE /* FootballService */ = {
			isa = PBXGroup;
			children = (
				C41C7250289B05AC00E4D1CE /* Responses */,
				C41C724C289B040400E4D1CE /* FootballRouter.swift */,
				C41C724E289B042600E4D1CE /* FootballService.swift */,
			);
			path = FootballService;
			sourceTree = "<group>";
		};
		C41C7250289B05AC00E4D1CE /* Responses */ = {
			isa = PBXGroup;
			children = (
				C41C7251289B05CA00E4D1CE /* LeaguesResponse.swift */,
				C41C7273289B93BD00E4D1CE /* SeasonsResponse.swift */,
				C4E6391E289BDC95008F8334 /* LeagueStandingResponse.swift */,
			);
			path = Responses;
			sourceTree = "<group>";
		};
		C41C7259289B0CFB00E4D1CE /* Cell */ = {
			isa = PBXGroup;
			children = (
				C41C725A289B0D0500E4D1CE /* LeagueCell.swift */,
			);
			path = Cell;
			sourceTree = "<group>";
		};
		C41C725C289B112D00E4D1CE /* Extensions */ = {
			isa = PBXGroup;
			children = (
				C41C725D289B114500E4D1CE /* UITableView+Ext.swift */,
				C41C7262289B685200E4D1CE /* UIImageView+Ext.swift */,
				C41C7267289B6E7300E4D1CE /* UIViewController+Ext.swift */,
			);
			path = Extensions;
			sourceTree = "<group>";
		};
		C41C7264289B696500E4D1CE /* Factory */ = {
			isa = PBXGroup;
			children = (
				C41C7265289B697700E4D1CE /* MainFactory.swift */,
			);
			path = Factory;
			sourceTree = "<group>";
		};
		C41C7269289B740C00E4D1CE /* Seasons */ = {
			isa = PBXGroup;
			children = (
				C41C7270289B92DD00E4D1CE /* Model */,
				C41C726D289B929D00E4D1CE /* Presenter */,
				C41C726A289B742000E4D1CE /* View */,
			);
			path = Seasons;
			sourceTree = "<group>";
		};
		C41C726A289B742000E4D1CE /* View */ = {
			isa = PBXGroup;
			children = (
				C41C726B289B742F00E4D1CE /* SeasonsViewController.swift */,
				C41C7275289B96AA00E4D1CE /* Cell */,
			);
			path = View;
			sourceTree = "<group>";
		};
		C41C726D289B929D00E4D1CE /* Presenter */ = {
			isa = PBXGroup;
			children = (
				C41C726E289B92BA00E4D1CE /* SeasonsPresenter.swift */,
			);
			path = Presenter;
			sourceTree = "<group>";
		};
		C41C7270289B92DD00E4D1CE /* Model */ = {
			isa = PBXGroup;
			children = (
				C41C7271289B92EE00E4D1CE /* SeasonModel.swift */,
			);
			path = Model;
			sourceTree = "<group>";
		};
		C41C7275289B96AA00E4D1CE /* Cell */ = {
			isa = PBXGroup;
			children = (
				C41C7276289B96B300E4D1CE /* SeasonCell.swift */,
			);
			path = Cell;
			sourceTree = "<group>";
		};
		C41C727A289BB36600E4D1CE /* LeagueStanding */ = {
			isa = PBXGroup;
			children = (
				C41C727D289BB3C700E4D1CE /* Model */,
				C41C727C289BB3C100E4D1CE /* Presenter */,
				C41C727B289BB3B900E4D1CE /* View */,
			);
			path = LeagueStanding;
			sourceTree = "<group>";
		};
		C41C727B289BB3B900E4D1CE /* View */ = {
			isa = PBXGroup;
			children = (
				C4E6392A289C19CA008F8334 /* ModalMenuView */,
				C41C727E289BD9C500E4D1CE /* LeagueStandingViewController.swift */,
				C4E63927289C08DB008F8334 /* StatView */,
				C4E63924289BF09C008F8334 /* Cell */,
			);
			path = View;
			sourceTree = "<group>";
		};
		C41C727C289BB3C100E4D1CE /* Presenter */ = {
			isa = PBXGroup;
			children = (
				C4E63920289BDD55008F8334 /* LeagueStandingPresenter.swift */,
			);
			path = Presenter;
			sourceTree = "<group>";
		};
		C41C727D289BB3C700E4D1CE /* Model */ = {
			isa = PBXGroup;
			children = (
				C4E63922289BF052008F8334 /* LeagueStandingModel.swift */,
			);
			path = Model;
			sourceTree = "<group>";
		};
		C4E63924289BF09C008F8334 /* Cell */ = {
			isa = PBXGroup;
			children = (
				C4E63925289BF109008F8334 /* LeagueStandingCell.swift */,
			);
			path = Cell;
			sourceTree = "<group>";
		};
		C4E63927289C08DB008F8334 /* StatView */ = {
			isa = PBXGroup;
			children = (
				C4E63928289C08EF008F8334 /* StatView.swift */,
			);
			path = StatView;
			sourceTree = "<group>";
		};
		C4E6392A289C19CA008F8334 /* ModalMenuView */ = {
			isa = PBXGroup;
			children = (
				C4E6392B289C19E2008F8334 /* ModalMenuView.swift */,
			);
			path = ModalMenuView;
			sourceTree = "<group>";
		};
/* End PBXGroup section */

/* Begin PBXNativeTarget section */
		C41C721F289AFBAA00E4D1CE /* InstatFootballTest */ = {
			isa = PBXNativeTarget;
			buildConfigurationList = C41C7234289AFBAA00E4D1CE /* Build configuration list for PBXNativeTarget "InstatFootballTest" */;
			buildPhases = (
				C41C721C289AFBAA00E4D1CE /* Sources */,
				C41C721D289AFBAA00E4D1CE /* Frameworks */,
				C41C721E289AFBAA00E4D1CE /* Resources */,
			);
			buildRules = (
			);
			dependencies = (
			);
			name = InstatFootballTest;
			productName = InstatFootballTest;
			productReference = C41C7220289AFBAA00E4D1CE /* InstatFootballTest.app */;
			productType = "com.apple.product-type.application";
		};
/* End PBXNativeTarget section */

/* Begin PBXProject section */
		C41C7218289AFBAA00E4D1CE /* Project object */ = {
			isa = PBXProject;
			attributes = {
				BuildIndependentTargetsInParallel = 1;
				LastSwiftUpdateCheck = 1340;
				LastUpgradeCheck = 1340;
				TargetAttributes = {
					C41C721F289AFBAA00E4D1CE = {
						CreatedOnToolsVersion = 13.4.1;
					};
				};
			};
			buildConfigurationList = C41C721B289AFBAA00E4D1CE /* Build configuration list for PBXProject "InstatFootballTest" */;
			compatibilityVersion = "Xcode 13.0";
			developmentRegion = en;
			hasScannedForEncodings = 0;
			knownRegions = (
				en,
				Base,
			);
			mainGroup = C41C7217289AFBAA00E4D1CE;
			productRefGroup = C41C7221289AFBAA00E4D1CE /* Products */;
			projectDirPath = "";
			projectRoot = "";
			targets = (
				C41C721F289AFBAA00E4D1CE /* InstatFootballTest */,
			);
		};
/* End PBXProject section */

/* Begin PBXResourcesBuildPhase section */
		C41C721E289AFBAA00E4D1CE /* Resources */ = {
			isa = PBXResourcesBuildPhase;
			buildActionMask = 2147483647;
			files = (
				C41C7230289AFBAA00E4D1CE /* LaunchScreen.storyboard in Resources */,
				C41C722D289AFBAA00E4D1CE /* Assets.xcassets in Resources */,
			);
			runOnlyForDeploymentPostprocessing = 0;
		};
/* End PBXResourcesBuildPhase section */

/* Begin PBXSourcesBuildPhase section */
		C41C721C289AFBAA00E4D1CE /* Sources */ = {
			isa = PBXSourcesBuildPhase;
			buildActionMask = 2147483647;
			files = (
				C41C726C289B742F00E4D1CE /* SeasonsViewController.swift in Sources */,
				C41C7277289B96B300E4D1CE /* SeasonCell.swift in Sources */,
				C41C7245289AFFD800E4D1CE /* NetworkError.swift in Sources */,
				C4E6392C289C19E2008F8334 /* ModalMenuView.swift in Sources */,
				C41C7252289B05CA00E4D1CE /* LeaguesResponse.swift in Sources */,
				C41C7272289B92EE00E4D1CE /* SeasonModel.swift in Sources */,
				C41C726F289B92BA00E4D1CE /* SeasonsPresenter.swift in Sources */,
				C41C725B289B0D0500E4D1CE /* LeagueCell.swift in Sources */,
				C41C7274289B93BD00E4D1CE /* SeasonsResponse.swift in Sources */,
				C41C7256289B099500E4D1CE /* LeaguesPresenter.swift in Sources */,
				C41C724F289B042600E4D1CE /* FootballService.swift in Sources */,
				C41C7263289B685200E4D1CE /* UIImageView+Ext.swift in Sources */,
				C41C7258289B0C4800E4D1CE /* LeagueModel.swift in Sources */,
				C41C7266289B697700E4D1CE /* MainFactory.swift in Sources */,
				C41C7254289B07AB00E4D1CE /* LeaguesViewController.swift in Sources */,
				C4E63926289BF109008F8334 /* LeagueStandingCell.swift in Sources */,
				C41C7243289AFFB500E4D1CE /* NetworkRouter.swift in Sources */,
				C4E6391F289BDC95008F8334 /* LeagueStandingResponse.swift in Sources */,
				C4E63923289BF052008F8334 /* LeagueStandingModel.swift in Sources */,
				C4E63929289C08EF008F8334 /* StatView.swift in Sources */,
				C4E63921289BDD55008F8334 /* LeagueStandingPresenter.swift in Sources */,
				C41C7247289B002800E4D1CE /* NetworkService.swift in Sources */,
				C41C725E289B114500E4D1CE /* UITableView+Ext.swift in Sources */,
				C41C7224289AFBAA00E4D1CE /* AppDelegate.swift in Sources */,
				C41C727F289BD9C500E4D1CE /* LeagueStandingViewController.swift in Sources */,
				C41C7268289B6E7300E4D1CE /* UIViewController+Ext.swift in Sources */,
				C41C724D289B040400E4D1CE /* FootballRouter.swift in Sources */,
			);
			runOnlyForDeploymentPostprocessing = 0;
		};
/* End PBXSourcesBuildPhase section */

/* Begin PBXVariantGroup section */
		C41C722E289AFBAA00E4D1CE /* LaunchScreen.storyboard */ = {
			isa = PBXVariantGroup;
			children = (
				C41C722F289AFBAA00E4D1CE /* Base */,
			);
			name = LaunchScreen.storyboard;
			sourceTree = "<group>";
		};
/* End PBXVariantGroup section */

/* Begin XCBuildConfiguration section */
		C41C7232289AFBAA00E4D1CE /* Debug */ = {
			isa = XCBuildConfiguration;
			buildSettings = {
				ALWAYS_SEARCH_USER_PATHS = NO;
				CLANG_ANALYZER_NONNULL = YES;
				CLANG_ANALYZER_NUMBER_OBJECT_CONVERSION = YES_AGGRESSIVE;
				CLANG_CXX_LANGUAGE_STANDARD = "gnu++17";
				CLANG_ENABLE_MODULES = YES;
				CLANG_ENABLE_OBJC_ARC = YES;
				CLANG_ENABLE_OBJC_WEAK = YES;
				CLANG_WARN_BLOCK_CAPTURE_AUTORELEASING = YES;
				CLANG_WARN_BOOL_CONVERSION = YES;
				CLANG_WARN_COMMA = YES;
				CLANG_WARN_CONSTANT_CONVERSION = YES;
				CLANG_WARN_DEPRECATED_OBJC_IMPLEMENTATIONS = YES;
				CLANG_WARN_DIRECT_OBJC_ISA_USAGE = YES_ERROR;
				CLANG_WARN_DOCUMENTATION_COMMENTS = YES;
				CLANG_WARN_EMPTY_BODY = YES;
				CLANG_WARN_ENUM_CONVERSION = YES;
				CLANG_WARN_INFINITE_RECURSION = YES;
				CLANG_WARN_INT_CONVERSION = YES;
				CLANG_WARN_NON_LITERAL_NULL_CONVERSION = YES;
				CLANG_WARN_OBJC_IMPLICIT_RETAIN_SELF = YES;
				CLANG_WARN_OBJC_LITERAL_CONVERSION = YES;
				CLANG_WARN_OBJC_ROOT_CLASS = YES_ERROR;
				CLANG_WARN_QUOTED_INCLUDE_IN_FRAMEWORK_HEADER = YES;
				CLANG_WARN_RANGE_LOOP_ANALYSIS = YES;
				CLANG_WARN_STRICT_PROTOTYPES = YES;
				CLANG_WARN_SUSPICIOUS_MOVE = YES;
				CLANG_WARN_UNGUARDED_AVAILABILITY = YES_AGGRESSIVE;
				CLANG_WARN_UNREACHABLE_CODE = YES;
				CLANG_WARN__DUPLICATE_METHOD_MATCH = YES;
				COPY_PHASE_STRIP = NO;
				DEBUG_INFORMATION_FORMAT = dwarf;
				ENABLE_STRICT_OBJC_MSGSEND = YES;
				ENABLE_TESTABILITY = YES;
				GCC_C_LANGUAGE_STANDARD = gnu11;
				GCC_DYNAMIC_NO_PIC = NO;
				GCC_NO_COMMON_BLOCKS = YES;
				GCC_OPTIMIZATION_LEVEL = 0;
				GCC_PREPROCESSOR_DEFINITIONS = (
					"DEBUG=1",
					"$(inherited)",
				);
				GCC_WARN_64_TO_32_BIT_CONVERSION = YES;
				GCC_WARN_ABOUT_RETURN_TYPE = YES_ERROR;
				GCC_WARN_UNDECLARED_SELECTOR = YES;
				GCC_WARN_UNINITIALIZED_AUTOS = YES_AGGRESSIVE;
				GCC_WARN_UNUSED_FUNCTION = YES;
				GCC_WARN_UNUSED_VARIABLE = YES;
				IPHONEOS_DEPLOYMENT_TARGET = 15.5;
				MTL_ENABLE_DEBUG_INFO = INCLUDE_SOURCE;
				MTL_FAST_MATH = YES;
				ONLY_ACTIVE_ARCH = YES;
				SDKROOT = iphoneos;
				SWIFT_ACTIVE_COMPILATION_CONDITIONS = DEBUG;
				SWIFT_OPTIMIZATION_LEVEL = "-Onone";
			};
			name = Debug;
		};
		C41C7233289AFBAA00E4D1CE /* Release */ = {
			isa = XCBuildConfiguration;
			buildSettings = {
				ALWAYS_SEARCH_USER_PATHS = NO;
				CLANG_ANALYZER_NONNULL = YES;
				CLANG_ANALYZER_NUMBER_OBJECT_CONVERSION = YES_AGGRESSIVE;
				CLANG_CXX_LANGUAGE_STANDARD = "gnu++17";
				CLANG_ENABLE_MODULES = YES;
				CLANG_ENABLE_OBJC_ARC = YES;
				CLANG_ENABLE_OBJC_WEAK = YES;
				CLANG_WARN_BLOCK_CAPTURE_AUTORELEASING = YES;
				CLANG_WARN_BOOL_CONVERSION = YES;
				CLANG_WARN_COMMA = YES;
				CLANG_WARN_CONSTANT_CONVERSION = YES;
				CLANG_WARN_DEPRECATED_OBJC_IMPLEMENTATIONS = YES;
				CLANG_WARN_DIRECT_OBJC_ISA_USAGE = YES_ERROR;
				CLANG_WARN_DOCUMENTATION_COMMENTS = YES;
				CLANG_WARN_EMPTY_BODY = YES;
				CLANG_WARN_ENUM_CONVERSION = YES;
				CLANG_WARN_INFINITE_RECURSION = YES;
				CLANG_WARN_INT_CONVERSION = YES;
				CLANG_WARN_NON_LITERAL_NULL_CONVERSION = YES;
				CLANG_WARN_OBJC_IMPLICIT_RETAIN_SELF = YES;
				CLANG_WARN_OBJC_LITERAL_CONVERSION = YES;
				CLANG_WARN_OBJC_ROOT_CLASS = YES_ERROR;
				CLANG_WARN_QUOTED_INCLUDE_IN_FRAMEWORK_HEADER = YES;
				CLANG_WARN_RANGE_LOOP_ANALYSIS = YES;
				CLANG_WARN_STRICT_PROTOTYPES = YES;
				CLANG_WARN_SUSPICIOUS_MOVE = YES;
				CLANG_WARN_UNGUARDED_AVAILABILITY = YES_AGGRESSIVE;
				CLANG_WARN_UNREACHABLE_CODE = YES;
				CLANG_WARN__DUPLICATE_METHOD_MATCH = YES;
				COPY_PHASE_STRIP = NO;
				DEBUG_INFORMATION_FORMAT = "dwarf-with-dsym";
				ENABLE_NS_ASSERTIONS = NO;
				ENABLE_STRICT_OBJC_MSGSEND = YES;
				GCC_C_LANGUAGE_STANDARD = gnu11;
				GCC_NO_COMMON_BLOCKS = YES;
				GCC_WARN_64_TO_32_BIT_CONVERSION = YES;
				GCC_WARN_ABOUT_RETURN_TYPE = YES_ERROR;
				GCC_WARN_UNDECLARED_SELECTOR = YES;
				GCC_WARN_UNINITIALIZED_AUTOS = YES_AGGRESSIVE;
				GCC_WARN_UNUSED_FUNCTION = YES;
				GCC_WARN_UNUSED_VARIABLE = YES;
				IPHONEOS_DEPLOYMENT_TARGET = 15.5;
				MTL_ENABLE_DEBUG_INFO = NO;
				MTL_FAST_MATH = YES;
				SDKROOT = iphoneos;
				SWIFT_COMPILATION_MODE = wholemodule;
				SWIFT_OPTIMIZATION_LEVEL = "-O";
				VALIDATE_PRODUCT = YES;
			};
			name = Release;
		};
		C41C7235289AFBAA00E4D1CE /* Debug */ = {
			isa = XCBuildConfiguration;
			buildSettings = {
				ASSETCATALOG_COMPILER_APPICON_NAME = AppIcon;
				ASSETCATALOG_COMPILER_GLOBAL_ACCENT_COLOR_NAME = AccentColor;
				CODE_SIGN_STYLE = Automatic;
				CURRENT_PROJECT_VERSION = 1;
				GENERATE_INFOPLIST_FILE = YES;
				INFOPLIST_FILE = InstatFootballTest/Application/Info.plist;
				INFOPLIST_KEY_UIApplicationSupportsIndirectInputEvents = YES;
				INFOPLIST_KEY_UILaunchStoryboardName = LaunchScreen;
				INFOPLIST_KEY_UISupportedInterfaceOrientations_iPad = "UIInterfaceOrientationPortrait UIInterfaceOrientationPortraitUpsideDown UIInterfaceOrientationLandscapeLeft UIInterfaceOrientationLandscapeRight";
				INFOPLIST_KEY_UISupportedInterfaceOrientations_iPhone = "UIInterfaceOrientationPortrait UIInterfaceOrientationLandscapeLeft UIInterfaceOrientationLandscapeRight";
				IPHONEOS_DEPLOYMENT_TARGET = 13.0;
				LD_RUNPATH_SEARCH_PATHS = (
					"$(inherited)",
					"@executable_path/Frameworks",
				);
				MARKETING_VERSION = 1.0;
				PRODUCT_BUNDLE_IDENTIFIER = com.aimzhas.InstatFootballTest;
				PRODUCT_NAME = "$(TARGET_NAME)";
				SWIFT_EMIT_LOC_STRINGS = YES;
				SWIFT_VERSION = 5.0;
				TARGETED_DEVICE_FAMILY = 1;
			};
			name = Debug;
		};
		C41C7236289AFBAA00E4D1CE /* Release */ = {
			isa = XCBuildConfiguration;
			buildSettings = {
				ASSETCATALOG_COMPILER_APPICON_NAME = AppIcon;
				ASSETCATALOG_COMPILER_GLOBAL_ACCENT_COLOR_NAME = AccentColor;
				CODE_SIGN_STYLE = Automatic;
				CURRENT_PROJECT_VERSION = 1;
				GENERATE_INFOPLIST_FILE = YES;
				INFOPLIST_FILE = InstatFootballTest/Application/Info.plist;
				INFOPLIST_KEY_UIApplicationSupportsIndirectInputEvents = YES;
				INFOPLIST_KEY_UILaunchStoryboardName = LaunchScreen;
				INFOPLIST_KEY_UISupportedInterfaceOrientations_iPad = "UIInterfaceOrientationPortrait UIInterfaceOrientationPortraitUpsideDown UIInterfaceOrientationLandscapeLeft UIInterfaceOrientationLandscapeRight";
				INFOPLIST_KEY_UISupportedInterfaceOrientations_iPhone = "UIInterfaceOrientationPortrait UIInterfaceOrientationLandscapeLeft UIInterfaceOrientationLandscapeRight";
				IPHONEOS_DEPLOYMENT_TARGET = 13.0;
				LD_RUNPATH_SEARCH_PATHS = (
					"$(inherited)",
					"@executable_path/Frameworks",
				);
				MARKETING_VERSION = 1.0;
				PRODUCT_BUNDLE_IDENTIFIER = com.aimzhas.InstatFootballTest;
				PRODUCT_NAME = "$(TARGET_NAME)";
				SWIFT_EMIT_LOC_STRINGS = YES;
				SWIFT_VERSION = 5.0;
				TARGETED_DEVICE_FAMILY = 1;
			};
			name = Release;
		};
/* End XCBuildConfiguration section */

/* Begin XCConfigurationList section */
		C41C721B289AFBAA00E4D1CE /* Build configuration list for PBXProject "InstatFootballTest" */ = {
			isa = XCConfigurationList;
			buildConfigurations = (
				C41C7232289AFBAA00E4D1CE /* Debug */,
				C41C7233289AFBAA00E4D1CE /* Release */,
			);
			defaultConfigurationIsVisible = 0;
			defaultConfigurationName = Release;
		};
		C41C7234289AFBAA00E4D1CE /* Build configuration list for PBXNativeTarget "InstatFootballTest" */ = {
			isa = XCConfigurationList;
			buildConfigurations = (
				C41C7235289AFBAA00E4D1CE /* Debug */,
				C41C7236289AFBAA00E4D1CE /* Release */,
			);
			defaultConfigurationIsVisible = 0;
			defaultConfigurationName = Release;
		};
/* End XCConfigurationList section */
	};
	rootObject = C41C7218289AFBAA00E4D1CE /* Project object */;
}
